
Microsoft Visual Studio Solution File, Format Version 12.00
# Visual Studio Version 17
VisualStudioVersion = 17.11.35219.272
MinimumVisualStudioVersion = 10.0.40219.1
Project("{FAE04EC0-301F-11D3-BF4B-00C04F79EFBC}") = "UserAppService", "UserAppService\UserAppService.csproj", "{5898C0E2-4923-42FC-AA9B-887E016B7486}"
EndProject
Project("{FAE04EC0-301F-11D3-BF4B-00C04F79EFBC}") = "PostAppService", "PostAppService\PostAppService.csproj", "{0163FF23-B823-4737-AE54-96FC528FF34E}"
EndProject
Global
	GlobalSection(SolutionConfigurationPlatforms) = preSolution
		Debug|Any CPU = Debug|Any CPU
		Release|Any CPU = Release|Any CPU
	EndGlobalSection
	GlobalSection(ProjectConfigurationPlatforms) = postSolution
		{5898C0E2-4923-42FC-AA9B-887E016B7486}.Debug|Any CPU.ActiveCfg = Debug|Any CPU
		{5898C0E2-4923-42FC-AA9B-887E016B7486}.Debug|Any CPU.Build.0 = Debug|Any CPU
		{5898C0E2-4923-42FC-AA9B-887E016B7486}.Release|Any CPU.ActiveCfg = Release|Any CPU
		{5898C0E2-4923-42FC-AA9B-887E016B7486}.Release|Any CPU.Build.0 = Release|Any CPU
		{0163FF23-B823-4737-AE54-96FC528FF34E}.Debug|Any CPU.ActiveCfg = Debug|Any CPU
		{0163FF23-B823-4737-AE54-96FC528FF34E}.Debug|Any CPU.Build.0 = Debug|Any CPU
		{0163FF23-B823-4737-AE54-96FC528FF34E}.Release|Any CPU.ActiveCfg = Release|Any CPU
		{0163FF23-B823-4737-AE54-96FC528FF34E}.Release|Any CPU.Build.0 = Release|Any CPU
	EndGlobalSection
	GlobalSection(SolutionProperties) = preSolution
		HideSolutionNode = FALSE
	EndGlobalSection
	GlobalSection(ExtensibilityGlobals) = postSolution
		SolutionGuid = {636999D7-2A57-4E53-990B-5D040EDB960D}
	EndGlobalSection
EndGlobal
